
Microsoft Visual Studio Solution File, Format Version 12.00
# Visual Studio Version 16
VisualStudioVersion = 16.0.31205.134
MinimumVisualStudioVersion = 10.0.40219.1
Project("{FAE04EC0-301F-11D3-BF4B-00C04F79EFBC}") = "Active_cloud_site_5", "Active_cloud_site_5.csproj", "{7D2179C5-1829-4E1E-BED1-B311B36A30E7}"
EndProject
Global
	GlobalSection(SolutionConfigurationPlatforms) = preSolution
		Debug|Any CPU = Debug|Any CPU
		Release|Any CPU = Release|Any CPU
	EndGlobalSection
	GlobalSection(ProjectConfigurationPlatforms) = postSolution
		{7D2179C5-1829-4E1E-BED1-B311B36A30E7}.Debug|Any CPU.ActiveCfg = Debug|Any CPU
		{7D2179C5-1829-4E1E-BED1-B311B36A30E7}.Debug|Any CPU.Build.0 = Debug|Any CPU
		{7D2179C5-1829-4E1E-BED1-B311B36A30E7}.Release|Any CPU.ActiveCfg = Release|Any CPU
		{7D2179C5-1829-4E1E-BED1-B311B36A30E7}.Release|Any CPU.Build.0 = Release|Any CPU
	EndGlobalSection
	GlobalSection(SolutionProperties) = preSolution
		HideSolutionNode = FALSE
	EndGlobalSection
	GlobalSection(ExtensibilityGlobals) = postSolution
		SolutionGuid = {5049F03E-7F3F-4FAD-8E8C-D32C56A73A70}
	EndGlobalSection
EndGlobal
